
Microsoft Visual Studio Solution File, Format Version 12.00
# Visual Studio Version 17
VisualStudioVersion = 17.0.31903.59
MinimumVisualStudioVersion = 10.0.40219.1
Project("{2150E333-8FDC-42A3-9474-1A3956D46DE8}") = "src", "src", "{827E0CD3-B72D-47B6-A68D-7590B98EB39B}"
EndProject
Project("{FAE04EC0-301F-11D3-BF4B-00C04F79EFBC}") = "Api", "src\Api\Api.csproj", "{7CDE9535-ACB3-49FE-ABFD-9027408F57BF}"
EndProject
Project("{FAE04EC0-301F-11D3-BF4B-00C04F79EFBC}") = "Domain", "src\Domain\Domain.csproj", "{DA975EFF-63B3-42A0-89DD-241B1DA928FC}"
EndProject
Project("{FAE04EC0-301F-11D3-BF4B-00C04F79EFBC}") = "Application", "src\Application\Application.csproj", "{A8329638-548A-4F41-AEDB-EC73929D8EA0}"
EndProject
Project("{FAE04EC0-301F-11D3-BF4B-00C04F79EFBC}") = "Infrastructure", "src\Infrastructure\Infrastructure.csproj", "{98940FA8-67BE-4D12-B42B-DE5DEA6A9F8C}"
EndProject
Project("{FAE04EC0-301F-11D3-BF4B-00C04F79EFBC}") = "Contracts", "src\Contracts\Contracts.csproj", "{E964B67C-D74C-4B5E-B324-4598AD1490EA}"
EndProject
Project("{FAE04EC0-301F-11D3-BF4B-00C04F79EFBC}") = "Api.Tests", "tests\Api.Tests\Api.Tests.csproj", "{5E276131-CD55-411A-BB62-9BE0E72FCA60}"
EndProject
Project("{FAE04EC0-301F-11D3-BF4B-00C04F79EFBC}") = "Application.Tests", "tests\Application.Tests\Application.Tests.csproj", "{61AF2BA3-E536-4661-878B-732A07B0CE1E}"
EndProject
Global
	GlobalSection(SolutionConfigurationPlatforms) = preSolution
		Debug|Any CPU = Debug|Any CPU
		Debug|x64 = Debug|x64
		Debug|x86 = Debug|x86
		Release|Any CPU = Release|Any CPU
		Release|x64 = Release|x64
		Release|x86 = Release|x86
	EndGlobalSection
	GlobalSection(ProjectConfigurationPlatforms) = postSolution
		{7CDE9535-ACB3-49FE-ABFD-9027408F57BF}.Debug|Any CPU.ActiveCfg = Debug|Any CPU
		{7CDE9535-ACB3-49FE-ABFD-9027408F57BF}.Debug|Any CPU.Build.0 = Debug|Any CPU
		{7CDE9535-ACB3-49FE-ABFD-9027408F57BF}.Debug|x64.ActiveCfg = Debug|Any CPU
		{7CDE9535-ACB3-49FE-ABFD-9027408F57BF}.Debug|x64.Build.0 = Debug|Any CPU
		{7CDE9535-ACB3-49FE-ABFD-9027408F57BF}.Debug|x86.ActiveCfg = Debug|Any CPU
		{7CDE9535-ACB3-49FE-ABFD-9027408F57BF}.Debug|x86.Build.0 = Debug|Any CPU
		{7CDE9535-ACB3-49FE-ABFD-9027408F57BF}.Release|Any CPU.ActiveCfg = Release|Any CPU
		{7CDE9535-ACB3-49FE-ABFD-9027408F57BF}.Release|Any CPU.Build.0 = Release|Any CPU
		{7CDE9535-ACB3-49FE-ABFD-9027408F57BF}.Release|x64.ActiveCfg = Release|Any CPU
		{7CDE9535-ACB3-49FE-ABFD-9027408F57BF}.Release|x64.Build.0 = Release|Any CPU
		{7CDE9535-ACB3-49FE-ABFD-9027408F57BF}.Release|x86.ActiveCfg = Release|Any CPU
		{7CDE9535-ACB3-49FE-ABFD-9027408F57BF}.Release|x86.Build.0 = Release|Any CPU
		{DA975EFF-63B3-42A0-89DD-241B1DA928FC}.Debug|Any CPU.ActiveCfg = Debug|Any CPU
		{DA975EFF-63B3-42A0-89DD-241B1DA928FC}.Debug|Any CPU.Build.0 = Debug|Any CPU
		{DA975EFF-63B3-42A0-89DD-241B1DA928FC}.Debug|x64.ActiveCfg = Debug|Any CPU
		{DA975EFF-63B3-42A0-89DD-241B1DA928FC}.Debug|x64.Build.0 = Debug|Any CPU
		{DA975EFF-63B3-42A0-89DD-241B1DA928FC}.Debug|x86.ActiveCfg = Debug|Any CPU
		{DA975EFF-63B3-42A0-89DD-241B1DA928FC}.Debug|x86.Build.0 = Debug|Any CPU
		{DA975EFF-63B3-42A0-89DD-241B1DA928FC}.Release|Any CPU.ActiveCfg = Release|Any CPU
		{DA975EFF-63B3-42A0-89DD-241B1DA928FC}.Release|Any CPU.Build.0 = Release|Any CPU
		{DA975EFF-63B3-42A0-89DD-241B1DA928FC}.Release|x64.ActiveCfg = Release|Any CPU
		{DA975EFF-63B3-42A0-89DD-241B1DA928FC}.Release|x64.Build.0 = Release|Any CPU
		{DA975EFF-63B3-42A0-89DD-241B1DA928FC}.Release|x86.ActiveCfg = Release|Any CPU
		{DA975EFF-63B3-42A0-89DD-241B1DA928FC}.Release|x86.Build.0 = Release|Any CPU
		{A8329638-548A-4F41-AEDB-EC73929D8EA0}.Debug|Any CPU.ActiveCfg = Debug|Any CPU
		{A8329638-548A-4F41-AEDB-EC73929D8EA0}.Debug|Any CPU.Build.0 = Debug|Any CPU
		{A8329638-548A-4F41-AEDB-EC73929D8EA0}.Debug|x64.ActiveCfg = Debug|Any CPU
		{A8329638-548A-4F41-AEDB-EC73929D8EA0}.Debug|x64.Build.0 = Debug|Any CPU
		{A8329638-548A-4F41-AEDB-EC73929D8EA0}.Debug|x86.ActiveCfg = Debug|Any CPU
		{A8329638-548A-4F41-AEDB-EC73929D8EA0}.Debug|x86.Build.0 = Debug|Any CPU
		{A8329638-548A-4F41-AEDB-EC73929D8EA0}.Release|Any CPU.ActiveCfg = Release|Any CPU
		{A8329638-548A-4F41-AEDB-EC73929D8EA0}.Release|Any CPU.Build.0 = Release|Any CPU
		{A8329638-548A-4F41-AEDB-EC73929D8EA0}.Release|x64.ActiveCfg = Release|Any CPU
		{A8329638-548A-4F41-AEDB-EC73929D8EA0}.Release|x64.Build.0 = Release|Any CPU
		{A8329638-548A-4F41-AEDB-EC73929D8EA0}.Release|x86.ActiveCfg = Release|Any CPU
		{A8329638-548A-4F41-AEDB-EC73929D8EA0}.Release|x86.Build.0 = Release|Any CPU
		{98940FA8-67BE-4D12-B42B-DE5DEA6A9F8C}.Debug|Any CPU.ActiveCfg = Debug|Any CPU
		{98940FA8-67BE-4D12-B42B-DE5DEA6A9F8C}.Debug|Any CPU.Build.0 = Debug|Any CPU
		{98940FA8-67BE-4D12-B42B-DE5DEA6A9F8C}.Debug|x64.ActiveCfg = Debug|Any CPU
		{98940FA8-67BE-4D12-B42B-DE5DEA6A9F8C}.Debug|x64.Build.0 = Debug|Any CPU
		{98940FA8-67BE-4D12-B42B-DE5DEA6A9F8C}.Debug|x86.ActiveCfg = Debug|Any CPU
		{98940FA8-67BE-4D12-B42B-DE5DEA6A9F8C}.Debug|x86.Build.0 = Debug|Any CPU
		{98940FA8-67BE-4D12-B42B-DE5DEA6A9F8C}.Release|Any CPU.ActiveCfg = Release|Any CPU
		{98940FA8-67BE-4D12-B42B-DE5DEA6A9F8C}.Release|Any CPU.Build.0 = Release|Any CPU
		{98940FA8-67BE-4D12-B42B-DE5DEA6A9F8C}.Release|x64.ActiveCfg = Release|Any CPU
		{98940FA8-67BE-4D12-B42B-DE5DEA6A9F8C}.Release|x64.Build.0 = Release|Any CPU
		{98940FA8-67BE-4D12-B42B-DE5DEA6A9F8C}.Release|x86.ActiveCfg = Release|Any CPU
		{98940FA8-67BE-4D12-B42B-DE5DEA6A9F8C}.Release|x86.Build.0 = Release|Any CPU
		{E964B67C-D74C-4B5E-B324-4598AD1490EA}.Debug|Any CPU.ActiveCfg = Debug|Any CPU
		{E964B67C-D74C-4B5E-B324-4598AD1490EA}.Debug|Any CPU.Build.0 = Debug|Any CPU
		{E964B67C-D74C-4B5E-B324-4598AD1490EA}.Debug|x64.ActiveCfg = Debug|Any CPU
		{E964B67C-D74C-4B5E-B324-4598AD1490EA}.Debug|x64.Build.0 = Debug|Any CPU
		{E964B67C-D74C-4B5E-B324-4598AD1490EA}.Debug|x86.ActiveCfg = Debug|Any CPU
		{E964B67C-D74C-4B5E-B324-4598AD1490EA}.Debug|x86.Build.0 = Debug|Any CPU
		{E964B67C-D74C-4B5E-B324-4598AD1490EA}.Release|Any CPU.ActiveCfg = Release|Any CPU
		{E964B67C-D74C-4B5E-B324-4598AD1490EA}.Release|Any CPU.Build.0 = Release|Any CPU
		{E964B67C-D74C-4B5E-B324-4598AD1490EA}.Release|x64.ActiveCfg = Release|Any CPU
		{E964B67C-D74C-4B5E-B324-4598AD1490EA}.Release|x64.Build.0 = Release|Any CPU
		{E964B67C-D74C-4B5E-B324-4598AD1490EA}.Release|x86.ActiveCfg = Release|Any CPU
		{E964B67C-D74C-4B5E-B324-4598AD1490EA}.Release|x86.Build.0 = Release|Any CPU
		{5E276131-CD55-411A-BB62-9BE0E72FCA60}.Debug|Any CPU.ActiveCfg = Debug|Any CPU
		{5E276131-CD55-411A-BB62-9BE0E72FCA60}.Debug|Any CPU.Build.0 = Debug|Any CPU
		{5E276131-CD55-411A-BB62-9BE0E72FCA60}.Debug|x64.ActiveCfg = Debug|Any CPU
		{5E276131-CD55-411A-BB62-9BE0E72FCA60}.Debug|x64.Build.0 = Debug|Any CPU
		{5E276131-CD55-411A-BB62-9BE0E72FCA60}.Debug|x86.ActiveCfg = Debug|Any CPU
		{5E276131-CD55-411A-BB62-9BE0E72FCA60}.Debug|x86.Build.0 = Debug|Any CPU
		{5E276131-CD55-411A-BB62-9BE0E72FCA60}.Release|Any CPU.ActiveCfg = Release|Any CPU
		{5E276131-CD55-411A-BB62-9BE0E72FCA60}.Release|Any CPU.Build.0 = Release|Any CPU
		{5E276131-CD55-411A-BB62-9BE0E72FCA60}.Release|x64.ActiveCfg = Release|Any CPU
		{5E276131-CD55-411A-BB62-9BE0E72FCA60}.Release|x64.Build.0 = Release|Any CPU
		{5E276131-CD55-411A-BB62-9BE0E72FCA60}.Release|x86.ActiveCfg = Release|Any CPU
		{5E276131-CD55-411A-BB62-9BE0E72FCA60}.Release|x86.Build.0 = Release|Any CPU
		{61AF2BA3-E536-4661-878B-732A07B0CE1E}.Debug|Any CPU.ActiveCfg = Debug|Any CPU
		{61AF2BA3-E536-4661-878B-732A07B0CE1E}.Debug|Any CPU.Build.0 = Debug|Any CPU
		{61AF2BA3-E536-4661-878B-732A07B0CE1E}.Debug|x64.ActiveCfg = Debug|Any CPU
		{61AF2BA3-E536-4661-878B-732A07B0CE1E}.Debug|x64.Build.0 = Debug|Any CPU
		{61AF2BA3-E536-4661-878B-732A07B0CE1E}.Debug|x86.ActiveCfg = Debug|Any CPU
		{61AF2BA3-E536-4661-878B-732A07B0CE1E}.Debug|x86.Build.0 = Debug|Any CPU
		{61AF2BA3-E536-4661-878B-732A07B0CE1E}.Release|Any CPU.ActiveCfg = Release|Any CPU
		{61AF2BA3-E536-4661-878B-732A07B0CE1E}.Release|Any CPU.Build.0 = Release|Any CPU
		{61AF2BA3-E536-4661-878B-732A07B0CE1E}.Release|x64.ActiveCfg = Release|Any CPU
		{61AF2BA3-E536-4661-878B-732A07B0CE1E}.Release|x64.Build.0 = Release|Any CPU
		{61AF2BA3-E536-4661-878B-732A07B0CE1E}.Release|x86.ActiveCfg = Release|Any CPU
		{61AF2BA3-E536-4661-878B-732A07B0CE1E}.Release|x86.Build.0 = Release|Any CPU
	EndGlobalSection
	GlobalSection(SolutionProperties) = preSolution
		HideSolutionNode = FALSE
	EndGlobalSection
	GlobalSection(NestedProjects) = preSolution
		{7CDE9535-ACB3-49FE-ABFD-9027408F57BF} = {827E0CD3-B72D-47B6-A68D-7590B98EB39B}
		{DA975EFF-63B3-42A0-89DD-241B1DA928FC} = {827E0CD3-B72D-47B6-A68D-7590B98EB39B}
		{A8329638-548A-4F41-AEDB-EC73929D8EA0} = {827E0CD3-B72D-47B6-A68D-7590B98EB39B}
		{98940FA8-67BE-4D12-B42B-DE5DEA6A9F8C} = {827E0CD3-B72D-47B6-A68D-7590B98EB39B}
		{E964B67C-D74C-4B5E-B324-4598AD1490EA} = {827E0CD3-B72D-47B6-A68D-7590B98EB39B}
		{5E276131-CD55-411A-BB62-9BE0E72FCA60} = {827E0CD3-B72D-47B6-A68D-7590B98EB39B}
		{61AF2BA3-E536-4661-878B-732A07B0CE1E} = {827E0CD3-B72D-47B6-A68D-7590B98EB39B}
	EndGlobalSection
	GlobalSection(ExtensibilityGlobals) = postSolution
		SolutionGuid = {A888A9B2-6253-4332-83D0-89AA85ABA9AC}
	EndGlobalSection
EndGlobal
